
Microsoft Visual Studio Solution File, Format Version 12.00
# Visual Studio 14
VisualStudioVersion = 14.0.25420.1
MinimumVisualStudioVersion = 10.0.40219.1
Project("{FAE04EC0-301F-11D3-BF4B-00C04F79EFBC}") = "MethodsPractice", "MethodsPractice\MethodsPractice.csproj", "{3623B254-5858-4B4C-9108-915E7A21ABB3}"
EndProject
Project("{FAE04EC0-301F-11D3-BF4B-00C04F79EFBC}") = "LuckyNumbers", "..\LuckyNumbers\LuckyNumbers\LuckyNumbers.csproj", "{D939B406-D534-40B7-82B7-93854784C05C}"
EndProject
Global
	GlobalSection(SolutionConfigurationPlatforms) = preSolution
		Debug|Any CPU = Debug|Any CPU
		Release|Any CPU = Release|Any CPU
	EndGlobalSection
	GlobalSection(ProjectConfigurationPlatforms) = postSolution
		{3623B254-5858-4B4C-9108-915E7A21ABB3}.Debug|Any CPU.ActiveCfg = Debug|Any CPU
		{3623B254-5858-4B4C-9108-915E7A21ABB3}.Debug|Any CPU.Build.0 = Debug|Any CPU
		{3623B254-5858-4B4C-9108-915E7A21ABB3}.Release|Any CPU.ActiveCfg = Release|Any CPU
		{3623B254-5858-4B4C-9108-915E7A21ABB3}.Release|Any CPU.Build.0 = Release|Any CPU
		{D939B406-D534-40B7-82B7-93854784C05C}.Debug|Any CPU.ActiveCfg = Debug|Any CPU
		{D939B406-D534-40B7-82B7-93854784C05C}.Debug|Any CPU.Build.0 = Debug|Any CPU
		{D939B406-D534-40B7-82B7-93854784C05C}.Release|Any CPU.ActiveCfg = Release|Any CPU
		{D939B406-D534-40B7-82B7-93854784C05C}.Release|Any CPU.Build.0 = Release|Any CPU
	EndGlobalSection
	GlobalSection(SolutionProperties) = preSolution
		HideSolutionNode = FALSE
	EndGlobalSection
EndGlobal
